{
  "name": "xm_reader",
  "version": "1.0.0",
  "lockfileVersion": 3,
  "requires": true,
  "packages": {
    "": {
      "name": "xm_reader",
      "version": "1.0.0",
      "license": "ISC",
      "dependencies": {
        "kaitai-struct": "^0.10.0",
        "pako": "^2.1.0",
        "sanitize-filename": "^1.6.3",
        "vorbis-encoder-js": "^1.0.2"
      }
    },
    "node_modules/kaitai-struct": {
      "version": "0.10.0",
      "resolved": "https://registry.npmjs.org/kaitai-struct/-/kaitai-struct-0.10.0.tgz",
      "integrity": "sha512-81oxVi/OY+LrzgrONX7ciD1wtvq24nb2M9iYixRiQG+1hrDrDRqFVWuQzF1fUexh3Sg/ol6eMAz1MOVYFouzUg=="
    },
    "node_modules/pako": {
      "version": "2.1.0",
      "resolved": "https://registry.npmjs.org/pako/-/pako-2.1.0.tgz",
      "integrity": "sha512-w+eufiZ1WuJYgPXbV/PO3NCMEc3xqylkKHzp8bxp1uW4qaSNQUkwmLLEc3kKsfz8lpV1F8Ht3U1Cm+9Srog2ug=="
    },
    "node_modules/prelude-ls": {
      "version": "1.2.1",
      "resolved": "https://registry.npmjs.org/prelude-ls/-/prelude-ls-1.2.1.tgz",
      "integrity": "sha512-vkcDPrRZo1QZLbn5RLGPpg/WmIQ65qoWWhcGKf/b5eplkkarX0m9z8ppCat4mlOqUsWpyNuYgO3VRyrYHSzX5g==",
      "engines": {
        "node": ">= 0.8.0"
      }
    },
    "node_modules/sanitize-filename": {
      "version": "1.6.3",
      "resolved": "https://registry.npmjs.org/sanitize-filename/-/sanitize-filename-1.6.3.tgz",
      "integrity": "sha512-y/52Mcy7aw3gRm7IrcGDFx/bCk4AhRh2eI9luHOQM86nZsqwiRkkq2GekHXBBD+SmPidc8i2PqtYZl+pWJ8Oeg==",
      "dependencies": {
        "truncate-utf8-bytes": "^1.0.0"
      }
    },
    "node_modules/truncate-utf8-bytes": {
      "version": "1.0.2",
      "resolved": "https://registry.npmjs.org/truncate-utf8-bytes/-/truncate-utf8-bytes-1.0.2.tgz",
      "integrity": "sha512-95Pu1QXQvruGEhv62XCMO3Mm90GscOCClvrIUwCM0PYOXK3kaF3l3sIHxx71ThJfcbM2O5Au6SO3AWCSEfW4mQ==",
      "dependencies": {
        "utf8-byte-length": "^1.0.1"
      }
    },
    "node_modules/utf8-byte-length": {
      "version": "1.0.4",
      "resolved": "https://registry.npmjs.org/utf8-byte-length/-/utf8-byte-length-1.0.4.tgz",
      "integrity": "sha512-4+wkEYLBbWxqTahEsWrhxepcoVOJ+1z5PGIjPZxRkytcdSUaNjIjBM7Xn8E+pdSuV7SzvWovBFA54FO0JSoqhA=="
    },
    "node_modules/vorbis-encoder-js": {
      "version": "1.0.2",
      "resolved": "https://registry.npmjs.org/vorbis-encoder-js/-/vorbis-encoder-js-1.0.2.tgz",
      "integrity": "sha512-t2xaT1S5QZEeCqhqvFoSr2bx0JtNO6fMfHQGBuaQzcQ9crzmsYWEAARpckCMwdoUH2KU/Z+/m4NMNQI5GQhquw==",
      "dependencies": {
        "prelude-ls": "^1.1.2"
      }
    }
  }
}
